
Microsoft Visual Studio Solution File, Format Version 12.00
# Visual Studio Version 17
VisualStudioVersion = 17.10.34928.147
MinimumVisualStudioVersion = 10.0.40219.1
Project("{9A19103F-16F7-4668-BE54-9A1E7A4F7556}") = "WebAPIServer", "WebAPIServer\WebAPIServer.csproj", "{0A01F69F-7553-4B21-86FA-9A7E22E6BB43}"
EndProject
Project("{FAE04EC0-301F-11D3-BF4B-00C04F79EFBC}") = "WebApiTest", "WebApiTest\WebApiTest.csproj", "{0691BD95-2561-4A05-BB03-486CDE10A04F}"
EndProject
Global
	GlobalSection(SolutionConfigurationPlatforms) = preSolution
		Debug|Any CPU = Debug|Any CPU
		Release|Any CPU = Release|Any CPU
	EndGlobalSection
	GlobalSection(ProjectConfigurationPlatforms) = postSolution
		{0A01F69F-7553-4B21-86FA-9A7E22E6BB43}.Debug|Any CPU.ActiveCfg = Debug|Any CPU
		{0A01F69F-7553-4B21-86FA-9A7E22E6BB43}.Debug|Any CPU.Build.0 = Debug|Any CPU
		{0A01F69F-7553-4B21-86FA-9A7E22E6BB43}.Release|Any CPU.ActiveCfg = Release|Any CPU
		{0A01F69F-7553-4B21-86FA-9A7E22E6BB43}.Release|Any CPU.Build.0 = Release|Any CPU
		{0691BD95-2561-4A05-BB03-486CDE10A04F}.Debug|Any CPU.ActiveCfg = Debug|Any CPU
		{0691BD95-2561-4A05-BB03-486CDE10A04F}.Debug|Any CPU.Build.0 = Debug|Any CPU
		{0691BD95-2561-4A05-BB03-486CDE10A04F}.Release|Any CPU.ActiveCfg = Release|Any CPU
		{0691BD95-2561-4A05-BB03-486CDE10A04F}.Release|Any CPU.Build.0 = Release|Any CPU
	EndGlobalSection
	GlobalSection(SolutionProperties) = preSolution
		HideSolutionNode = FALSE
	EndGlobalSection
	GlobalSection(ExtensibilityGlobals) = postSolution
		SolutionGuid = {00078FA4-3C9F-485C-A13B-54B930B6FBEF}
	EndGlobalSection
EndGlobal
